
Microsoft Visual Studio Solution File, Format Version 12.00
# Visual Studio 15
VisualStudioVersion = 15.0.28010.2046
MinimumVisualStudioVersion = 10.0.40219.1
Project("{9A19103F-16F7-4668-BE54-9A1E7A4F7556}") = "Netnr.WeChat", "Netnr.WeChat\Netnr.WeChat.csproj", "{44628D59-ABC8-4BA1-845D-EFE66486669E}"
EndProject
Project("{FAE04EC0-301F-11D3-BF4B-00C04F79EFBC}") = "Netnr.WeChat.Sample", "Netnr.WeChat.Sample\Netnr.WeChat.Sample.csproj", "{91EE4528-8B92-4EDE-83AF-97DF34976C62}"
EndProject
Global
	GlobalSection(SolutionConfigurationPlatforms) = preSolution
		Debug|Any CPU = Debug|Any CPU
		Release|Any CPU = Release|Any CPU
	EndGlobalSection
	GlobalSection(ProjectConfigurationPlatforms) = postSolution
		{44628D59-ABC8-4BA1-845D-EFE66486669E}.Debug|Any CPU.ActiveCfg = Debug|Any CPU
		{44628D59-ABC8-4BA1-845D-EFE66486669E}.Debug|Any CPU.Build.0 = Debug|Any CPU
		{44628D59-ABC8-4BA1-845D-EFE66486669E}.Release|Any CPU.ActiveCfg = Release|Any CPU
		{44628D59-ABC8-4BA1-845D-EFE66486669E}.Release|Any CPU.Build.0 = Release|Any CPU
		{91EE4528-8B92-4EDE-83AF-97DF34976C62}.Debug|Any CPU.ActiveCfg = Debug|Any CPU
		{91EE4528-8B92-4EDE-83AF-97DF34976C62}.Debug|Any CPU.Build.0 = Debug|Any CPU
		{91EE4528-8B92-4EDE-83AF-97DF34976C62}.Release|Any CPU.ActiveCfg = Release|Any CPU
		{91EE4528-8B92-4EDE-83AF-97DF34976C62}.Release|Any CPU.Build.0 = Release|Any CPU
	EndGlobalSection
	GlobalSection(SolutionProperties) = preSolution
		HideSolutionNode = FALSE
	EndGlobalSection
	GlobalSection(ExtensibilityGlobals) = postSolution
		SolutionGuid = {1C9E999F-3647-439B-801A-F753975C9DC7}
	EndGlobalSection
EndGlobal
